
Microsoft Visual Studio Solution File, Format Version 12.00
# Visual Studio Version 16
VisualStudioVersion = 16.0.31410.357
MinimumVisualStudioVersion = 10.0.40219.1
Project("{FAE04EC0-301F-11D3-BF4B-00C04F79EFBC}") = "AddressBook", "AddressBook\AddressBook.csproj", "{D7FE5EE4-40A7-400E-B570-B9B891B2BF90}"
EndProject
Global
	GlobalSection(SolutionConfigurationPlatforms) = preSolution
		Debug|Any CPU = Debug|Any CPU
		Release|Any CPU = Release|Any CPU
	EndGlobalSection
	GlobalSection(ProjectConfigurationPlatforms) = postSolution
		{D7FE5EE4-40A7-400E-B570-B9B891B2BF90}.Debug|Any CPU.ActiveCfg = Debug|Any CPU
		{D7FE5EE4-40A7-400E-B570-B9B891B2BF90}.Debug|Any CPU.Build.0 = Debug|Any CPU
		{D7FE5EE4-40A7-400E-B570-B9B891B2BF90}.Release|Any CPU.ActiveCfg = Release|Any CPU
		{D7FE5EE4-40A7-400E-B570-B9B891B2BF90}.Release|Any CPU.Build.0 = Release|Any CPU
	EndGlobalSection
	GlobalSection(SolutionProperties) = preSolution
		HideSolutionNode = FALSE
	EndGlobalSection
	GlobalSection(ExtensibilityGlobals) = postSolution
		SolutionGuid = {F1BD9AF2-5F83-4221-9213-2E10796F0E9D}
	EndGlobalSection
EndGlobal
